
Microsoft Visual Studio Solution File, Format Version 12.00
# Visual Studio 15
VisualStudioVersion = 15.0.27428.2002
MinimumVisualStudioVersion = 10.0.40219.1
Project("{9A19103F-16F7-4668-BE54-9A1E7A4F7556}") = "SonarrSharp", "SonarrSharp\SonarrSharp.csproj", "{5DACC14C-EEDE-4FC8-B5E1-D303D31FD356}"
EndProject
Project("{FAE04EC0-301F-11D3-BF4B-00C04F79EFBC}") = "SonarrSharpUnitTest", "SonarrSharpUnitTest\SonarrSharpUnitTest.csproj", "{35747457-6642-4BB4-BF20-58A178A6E771}"
EndProject
Global
	GlobalSection(SolutionConfigurationPlatforms) = preSolution
		Debug|Any CPU = Debug|Any CPU
		Release|Any CPU = Release|Any CPU
	EndGlobalSection
	GlobalSection(ProjectConfigurationPlatforms) = postSolution
		{5DACC14C-EEDE-4FC8-B5E1-D303D31FD356}.Debug|Any CPU.ActiveCfg = Debug|Any CPU
		{5DACC14C-EEDE-4FC8-B5E1-D303D31FD356}.Debug|Any CPU.Build.0 = Debug|Any CPU
		{5DACC14C-EEDE-4FC8-B5E1-D303D31FD356}.Release|Any CPU.ActiveCfg = Release|Any CPU
		{5DACC14C-EEDE-4FC8-B5E1-D303D31FD356}.Release|Any CPU.Build.0 = Release|Any CPU
		{35747457-6642-4BB4-BF20-58A178A6E771}.Debug|Any CPU.ActiveCfg = Debug|Any CPU
		{35747457-6642-4BB4-BF20-58A178A6E771}.Debug|Any CPU.Build.0 = Debug|Any CPU
		{35747457-6642-4BB4-BF20-58A178A6E771}.Release|Any CPU.ActiveCfg = Release|Any CPU
		{35747457-6642-4BB4-BF20-58A178A6E771}.Release|Any CPU.Build.0 = Release|Any CPU
	EndGlobalSection
	GlobalSection(SolutionProperties) = preSolution
		HideSolutionNode = FALSE
	EndGlobalSection
	GlobalSection(ExtensibilityGlobals) = postSolution
		SolutionGuid = {D27111EE-4303-48EF-A450-D508DC748B59}
	EndGlobalSection
EndGlobal
